<?xml version="1.0" encoding="utf-8"?>
<Project ToolsVersion="4.0" xmlns="http://schemas.microsoft.com/developer/msbuild/2003">
  <ItemGroup>
    <Filter Include="Archivos de código fuente">
      <UniqueIdentifier>{4FC737F1-C7A5-4376-A066-2A32D752A2FF}</UniqueIdentifier>
      <Extensions>cpp;c;cc;cxx;def;odl;idl;hpj;bat;asm;asmx</Extensions>
    </Filter>
    <Filter Include="Archivos de encabezado">
      <UniqueIdentifier>{93995380-89BD-4b04-88EB-625FBE52EBFB}</UniqueIdentifier>
      <Extensions>h;hh;hpp;hxx;hm;inl;inc;xsd</Extensions>
    </Filter>
    <Filter Include="Archivos de recursos">
      <UniqueIdentifier>{67DA6AB6-F800-4c08-8B7A-83BB121AAD01}</UniqueIdentifier>
      <Extensions>rc;ico;cur;bmp;dlg;rc2;rct;bin;rgs;gif;jpg;jpeg;jpe;resx;tiff;tif;png;wav;mfcribbon-ms</Extensions>
    </Filter>
    <Filter Include="Archivos de código fuente\Utilities">
      <UniqueIdentifier>{061ef25b-87fb-4b2d-8050-31922c76ab14}</UniqueIdentifier>
    </Filter>
    <Filter Include="Archivos de código fuente\Core Modules">
      <UniqueIdentifier>{d650220e-153e-4a44-a7bc-38135e2a56f4}</UniqueIdentifier>
    </Filter>
    <Filter Include="Archivos de código fuente\Main">
      <UniqueIdentifier>{b86f4f2d-6d96-4616-a69e-397d2dec2898}</UniqueIdentifier>
    </Filter>
    <Filter Include="Archivos de código fuente\Game Modules">
      <UniqueIdentifier>{dcb954fa-a660-477b-b83b-55dcd5e6d203}</UniqueIdentifier>
    </Filter>
    <Filter Include="Archivos de código fuente\Entities">
      <UniqueIdentifier>{1fcf5088-a75e-4981-80e8-d3e0584cba46}</UniqueIdentifier>
    </Filter>
    <Filter Include="Archivos de código fuente\Scenes">
      <UniqueIdentifier>{c469cf02-aec9-4847-889c-17f90a658531}</UniqueIdentifier>
    </Filter>
    <Filter Include="Archivos de código fuente\cuarentena">
      <UniqueIdentifier>{34388a17-f75f-4706-bf61-6c80c067c6ab}</UniqueIdentifier>
    </Filter>
    <Filter Include="Archivos de código fuente\cuarentena\Colliders">
      <UniqueIdentifier>{9431b611-40e9-449f-ad7e-0a9fa783b094}</UniqueIdentifier>
    </Filter>
    <Filter Include="Archivos de código fuente\cuarentena\Particles">
      <UniqueIdentifier>{f7d2ed65-135e-4d40-adb2-4fdda493374f}</UniqueIdentifier>
    </Filter>
    <Filter Include="Archivos de código fuente\Entities\Properties">
      <UniqueIdentifier>{4b26e973-bb51-4f36-bdde-16076b8d1c89}</UniqueIdentifier>
    </Filter>
    <Filter Include="Archivos de código fuente\StateMachine">
      <UniqueIdentifier>{0a5dea75-7205-47ee-8127-bab08b308da4}</UniqueIdentifier>
    </Filter>
    <Filter Include="Archivos de código fuente\StateMachine\Conditions">
      <UniqueIdentifier>{88dea11d-e009-44c2-9840-c5ca455a9621}</UniqueIdentifier>
    </Filter>
  </ItemGroup>
  <ItemGroup>
    <ClCompile Include="Log.cpp">
      <Filter>Archivos de código fuente\Utilities</Filter>
    </ClCompile>
    <ClCompile Include="Main.cpp">
      <Filter>Archivos de código fuente\Main</Filter>
    </ClCompile>
    <ClCompile Include="Application.cpp">
      <Filter>Archivos de código fuente\Main</Filter>
    </ClCompile>
    <ClCompile Include="ModuleWindow.cpp">
      <Filter>Archivos de código fuente\Core Modules</Filter>
    </ClCompile>
    <ClCompile Include="ModuleInput.cpp">
      <Filter>Archivos de código fuente\Core Modules</Filter>
    </ClCompile>
    <ClCompile Include="ModuleRender.cpp">
      <Filter>Archivos de código fuente\Core Modules</Filter>
    </ClCompile>
    <ClCompile Include="ModuleScene.cpp">
      <Filter>Archivos de código fuente\Core Modules</Filter>
    </ClCompile>
    <ClCompile Include="ModuleAudio.cpp">
      <Filter>Archivos de código fuente\Core Modules</Filter>
    </ClCompile>
    <ClCompile Include="ModuleTextures.cpp">
      <Filter>Archivos de código fuente\Core Modules</Filter>
    </ClCompile>
    <ClCompile Include="ModulePlayer.cpp">
      <Filter>Archivos de código fuente\Game Modules</Filter>
    </ClCompile>
    <ClCompile Include="ModuleFadeToBlack.cpp">
      <Filter>Archivos de código fuente\Core Modules</Filter>
    </ClCompile>
    <ClCompile Include="Entity.cpp">
      <Filter>Archivos de código fuente\Entities</Filter>
    </ClCompile>
    <ClCompile Include="Scene.cpp">
      <Filter>Archivos de código fuente\Scenes</Filter>
    </ClCompile>
    <ClCompile Include="Transform.cpp">
      <Filter>Archivos de código fuente\Utilities</Filter>
    </ClCompile>
    <ClCompile Include="SceneNode.cpp">
      <Filter>Archivos de código fuente\Scenes</Filter>
    </ClCompile>
    <ClCompile Include="IComponent.cpp">
      <Filter>Archivos de código fuente\Entities</Filter>
    </ClCompile>
    <ClCompile Include="SpriteComponent.cpp">
      <Filter>Archivos de código fuente\Entities\Properties</Filter>
    </ClCompile>
    <ClCompile Include="KenParticle.cpp">
      <Filter>Archivos de código fuente\cuarentena\Particles</Filter>
    </ClCompile>
    <ClCompile Include="RectangleCollider.cpp">
      <Filter>Archivos de código fuente\cuarentena\Colliders</Filter>
    </ClCompile>
    <ClCompile Include="CircleCollider.cpp">
      <Filter>Archivos de código fuente\cuarentena\Colliders</Filter>
    </ClCompile>
    <ClCompile Include="ModuleCollision.cpp">
      <Filter>Archivos de código fuente\cuarentena</Filter>
    </ClCompile>
    <ClCompile Include="ModuleParticles.cpp">
      <Filter>Archivos de código fuente\cuarentena</Filter>
    </ClCompile>
    <ClCompile Include="ModuleSceneHonda.cpp">
      <Filter>Archivos de código fuente\cuarentena</Filter>
    </ClCompile>
    <ClCompile Include="ModuleSceneKen.cpp">
      <Filter>Archivos de código fuente\cuarentena</Filter>
    </ClCompile>
    <ClCompile Include="MotionComponent.cpp">
      <Filter>Archivos de código fuente\Entities\Properties</Filter>
    </ClCompile>
    <ClCompile Include="FirstLevel.cpp">
      <Filter>Archivos de código fuente\Scenes</Filter>
    </ClCompile>
    <ClCompile Include="Camera.cpp">
      <Filter>Archivos de código fuente\Utilities</Filter>
    </ClCompile>
    <ClCompile Include="HorizontalSpriteScrollComponent.cpp">
      <Filter>Archivos de código fuente\Entities\Properties</Filter>
    </ClCompile>
    <ClCompile Include="VerticalSpriteScrollComponent.cpp">
      <Filter>Archivos de código fuente\Entities\Properties</Filter>
    </ClCompile>
    <ClCompile Include="Timer.cpp">
      <Filter>Archivos de código fuente\Utilities</Filter>
    </ClCompile>
    <ClCompile Include="Condition.cpp">
      <Filter>Archivos de código fuente\StateMachine\Conditions</Filter>
    </ClCompile>
    <ClCompile Include="ConditionEqual.cpp">
      <Filter>Archivos de código fuente</Filter>
    </ClCompile>
  </ItemGroup>
  <ItemGroup>
    <ClInclude Include="Module.h">
      <Filter>Archivos de código fuente\Core Modules</Filter>
    </ClInclude>
    <ClInclude Include="Application.h">
      <Filter>Archivos de código fuente\Main</Filter>
    </ClInclude>
    <ClInclude Include="ModuleWindow.h">
      <Filter>Archivos de código fuente\Core Modules</Filter>
    </ClInclude>
    <ClInclude Include="ModuleInput.h">
      <Filter>Archivos de código fuente\Core Modules</Filter>
    </ClInclude>
    <ClInclude Include="ModuleRender.h">
      <Filter>Archivos de código fuente\Core Modules</Filter>
    </ClInclude>
    <ClInclude Include="ModuleScene.h">
      <Filter>Archivos de código fuente\Core Modules</Filter>
    </ClInclude>
    <ClInclude Include="ModuleAudio.h">
      <Filter>Archivos de código fuente\Core Modules</Filter>
    </ClInclude>
    <ClInclude Include="Globals.h">
      <Filter>Archivos de código fuente\Main</Filter>
    </ClInclude>
    <ClInclude Include="ModuleTextures.h">
      <Filter>Archivos de código fuente\Core Modules</Filter>
    </ClInclude>
    <ClInclude Include="Point.h">
      <Filter>Archivos de código fuente\Utilities</Filter>
    </ClInclude>
    <ClInclude Include="Animation.h">
      <Filter>Archivos de código fuente\Utilities</Filter>
    </ClInclude>
    <ClInclude Include="ModulePlayer.h">
      <Filter>Archivos de código fuente\Game Modules</Filter>
    </ClInclude>
    <ClInclude Include="ModuleFadeToBlack.h">
      <Filter>Archivos de código fuente\Core Modules</Filter>
    </ClInclude>
    <ClInclude Include="Entity.h">
      <Filter>Archivos de código fuente\Entities</Filter>
    </ClInclude>
    <ClInclude Include="Scene.h">
      <Filter>Archivos de código fuente\Scenes</Filter>
    </ClInclude>
    <ClInclude Include="Transform.h">
      <Filter>Archivos de código fuente\Utilities</Filter>
    </ClInclude>
    <ClInclude Include="SceneNode.h">
      <Filter>Archivos de código fuente\Scenes</Filter>
    </ClInclude>
    <ClInclude Include="IComponent.h">
      <Filter>Archivos de código fuente\Entities</Filter>
    </ClInclude>
    <ClInclude Include="SpriteComponent.h">
      <Filter>Archivos de código fuente\Entities\Properties</Filter>
    </ClInclude>
    <ClInclude Include="IParticle.h">
      <Filter>Archivos de código fuente\cuarentena\Particles</Filter>
    </ClInclude>
    <ClInclude Include="KenParticle.h">
      <Filter>Archivos de código fuente\cuarentena\Particles</Filter>
    </ClInclude>
    <ClInclude Include="ICollider.h">
      <Filter>Archivos de código fuente\cuarentena\Colliders</Filter>
    </ClInclude>
    <ClInclude Include="RectangleCollider.h">
      <Filter>Archivos de código fuente\cuarentena\Colliders</Filter>
    </ClInclude>
    <ClInclude Include="CircleCollider.h">
      <Filter>Archivos de código fuente\cuarentena\Colliders</Filter>
    </ClInclude>
    <ClInclude Include="ModuleCollision.h">
      <Filter>Archivos de código fuente\cuarentena</Filter>
    </ClInclude>
    <ClInclude Include="ModuleParticles.h">
      <Filter>Archivos de código fuente\cuarentena</Filter>
    </ClInclude>
    <ClInclude Include="ModuleSceneHonda.h">
      <Filter>Archivos de código fuente\cuarentena</Filter>
    </ClInclude>
    <ClInclude Include="ModuleSceneKen.h">
      <Filter>Archivos de código fuente\cuarentena</Filter>
    </ClInclude>
    <ClInclude Include="MotionComponent.h">
      <Filter>Archivos de código fuente\Entities\Properties</Filter>
    </ClInclude>
    <ClInclude Include="FirstLevel.h">
      <Filter>Archivos de código fuente\Scenes</Filter>
    </ClInclude>
    <ClInclude Include="Camera.h">
      <Filter>Archivos de código fuente\Utilities</Filter>
    </ClInclude>
    <ClInclude Include="HorizontalSpriteScrollComponent.h">
      <Filter>Archivos de código fuente\Entities\Properties</Filter>
    </ClInclude>
    <ClInclude Include="VerticalSpriteScrollComponent.h">
      <Filter>Archivos de código fuente\Entities\Properties</Filter>
    </ClInclude>
    <ClInclude Include="StateTransition.h">
      <Filter>Archivos de código fuente\StateMachine</Filter>
    </ClInclude>
    <ClInclude Include="StateMachine.h">
      <Filter>Archivos de código fuente\StateMachine</Filter>
    </ClInclude>
    <ClInclude Include="Timer.h">
      <Filter>Archivos de código fuente\Utilities</Filter>
    </ClInclude>
    <ClInclude Include="State.h">
      <Filter>Archivos de código fuente\StateMachine</Filter>
    </ClInclude>
    <ClInclude Include="Condition.h">
      <Filter>Archivos de código fuente\StateMachine\Conditions</Filter>
    </ClInclude>
    <ClInclude Include="ConditionCallback.h">
      <Filter>Archivos de código fuente\StateMachine\Conditions</Filter>
    </ClInclude>
    <ClInclude Include="ConditionEqual.h">
      <Filter>Archivos de encabezado</Filter>
    </ClInclude>
  </ItemGroup>
</Project>