<?xml version="1.0" encoding="utf-8"?>
<Project ToolsVersion="4.0" xmlns="http://schemas.microsoft.com/developer/msbuild/2003">
  <ItemGroup>
    <Filter Include="Archivos de código fuente">
      <UniqueIdentifier>{4FC737F1-C7A5-4376-A066-2A32D752A2FF}</UniqueIdentifier>
      <Extensions>cpp;c;cc;cxx;def;odl;idl;hpj;bat;asm;asmx</Extensions>
    </Filter>
    <Filter Include="Archivos de encabezado">
      <UniqueIdentifier>{93995380-89BD-4b04-88EB-625FBE52EBFB}</UniqueIdentifier>
      <Extensions>h;hh;hpp;hxx;hm;inl;inc;xsd</Extensions>
    </Filter>
    <Filter Include="Archivos de recursos">
      <UniqueIdentifier>{67DA6AB6-F800-4c08-8B7A-83BB121AAD01}</UniqueIdentifier>
      <Extensions>rc;ico;cur;bmp;dlg;rc2;rct;bin;rgs;gif;jpg;jpeg;jpe;resx;tiff;tif;png;wav;mfcribbon-ms</Extensions>
    </Filter>
    <Filter Include="Archivos de código fuente\Utilities">
      <UniqueIdentifier>{061ef25b-87fb-4b2d-8050-31922c76ab14}</UniqueIdentifier>
    </Filter>
    <Filter Include="Archivos de código fuente\Core Modules">
      <UniqueIdentifier>{d650220e-153e-4a44-a7bc-38135e2a56f4}</UniqueIdentifier>
    </Filter>
    <Filter Include="Archivos de código fuente\Main">
      <UniqueIdentifier>{b86f4f2d-6d96-4616-a69e-397d2dec2898}</UniqueIdentifier>
    </Filter>
    <Filter Include="Archivos de código fuente\Game Modules">
      <UniqueIdentifier>{dcb954fa-a660-477b-b83b-55dcd5e6d203}</UniqueIdentifier>
    </Filter>
    <Filter Include="Archivos de código fuente\Entities">
      <UniqueIdentifier>{1fcf5088-a75e-4981-80e8-d3e0584cba46}</UniqueIdentifier>
    </Filter>
    <Filter Include="Archivos de código fuente\Scenes">
      <UniqueIdentifier>{c469cf02-aec9-4847-889c-17f90a658531}</UniqueIdentifier>
    </Filter>
    <Filter Include="Archivos de código fuente\Entities\Properties">
      <UniqueIdentifier>{4b26e973-bb51-4f36-bdde-16076b8d1c89}</UniqueIdentifier>
    </Filter>
    <Filter Include="Archivos de código fuente\StateMachine">
      <UniqueIdentifier>{0a5dea75-7205-47ee-8127-bab08b308da4}</UniqueIdentifier>
    </Filter>
    <Filter Include="Archivos de código fuente\Entities\Factories">
      <UniqueIdentifier>{c0b58aa8-01ea-42bf-a80b-b9840f583f82}</UniqueIdentifier>
    </Filter>
    <Filter Include="Archivos de código fuente\Colliders">
      <UniqueIdentifier>{a60a20ce-9275-4ea0-b2a6-9e63929a7c9e}</UniqueIdentifier>
    </Filter>
    <Filter Include="Archivos de código fuente\Entities\EnemyProperties">
      <UniqueIdentifier>{39c7245a-dc98-437c-b65e-589a50f69de7}</UniqueIdentifier>
    </Filter>
    <Filter Include="Archivos de código fuente\Entities\PlayerProperties">
      <UniqueIdentifier>{6ff225dc-5aec-45bd-99cf-e17f2fe0ca68}</UniqueIdentifier>
    </Filter>
    <Filter Include="Archivos de código fuente\Conditions">
      <UniqueIdentifier>{88dea11d-e009-44c2-9840-c5ca455a9621}</UniqueIdentifier>
    </Filter>
    <Filter Include="Archivos de código fuente\GUI">
      <UniqueIdentifier>{bdf5ceac-9fb7-4164-a9cd-eef2f79c37c4}</UniqueIdentifier>
    </Filter>
    <Filter Include="Archivos de código fuente\GUI\GUIgame">
      <UniqueIdentifier>{2e4fa8a8-0e5c-4f14-a8d6-5d9b77a9195b}</UniqueIdentifier>
    </Filter>
    <Filter Include="Archivos de código fuente\Entities\ItemProperties">
      <UniqueIdentifier>{6416567d-ab16-4277-90f7-5f206bc2e750}</UniqueIdentifier>
    </Filter>
  </ItemGroup>
  <ItemGroup>
    <ClCompile Include="Log.cpp">
      <Filter>Archivos de código fuente\Utilities</Filter>
    </ClCompile>
    <ClCompile Include="Main.cpp">
      <Filter>Archivos de código fuente\Main</Filter>
    </ClCompile>
    <ClCompile Include="Application.cpp">
      <Filter>Archivos de código fuente\Main</Filter>
    </ClCompile>
    <ClCompile Include="ModuleWindow.cpp">
      <Filter>Archivos de código fuente\Core Modules</Filter>
    </ClCompile>
    <ClCompile Include="ModuleInput.cpp">
      <Filter>Archivos de código fuente\Core Modules</Filter>
    </ClCompile>
    <ClCompile Include="ModuleRender.cpp">
      <Filter>Archivos de código fuente\Core Modules</Filter>
    </ClCompile>
    <ClCompile Include="ModuleScene.cpp">
      <Filter>Archivos de código fuente\Core Modules</Filter>
    </ClCompile>
    <ClCompile Include="ModuleAudio.cpp">
      <Filter>Archivos de código fuente\Core Modules</Filter>
    </ClCompile>
    <ClCompile Include="ModuleTextures.cpp">
      <Filter>Archivos de código fuente\Core Modules</Filter>
    </ClCompile>
    <ClCompile Include="ModulePlayer.cpp">
      <Filter>Archivos de código fuente\Game Modules</Filter>
    </ClCompile>
    <ClCompile Include="ModuleFadeToBlack.cpp">
      <Filter>Archivos de código fuente\Core Modules</Filter>
    </ClCompile>
    <ClCompile Include="Entity.cpp">
      <Filter>Archivos de código fuente\Entities</Filter>
    </ClCompile>
    <ClCompile Include="Scene.cpp">
      <Filter>Archivos de código fuente\Scenes</Filter>
    </ClCompile>
    <ClCompile Include="Transform.cpp">
      <Filter>Archivos de código fuente\Utilities</Filter>
    </ClCompile>
    <ClCompile Include="SceneNode.cpp">
      <Filter>Archivos de código fuente\Scenes</Filter>
    </ClCompile>
    <ClCompile Include="IComponent.cpp">
      <Filter>Archivos de código fuente\Entities</Filter>
    </ClCompile>
    <ClCompile Include="SpriteComponent.cpp">
      <Filter>Archivos de código fuente\Entities\Properties</Filter>
    </ClCompile>
    <ClCompile Include="MotionComponent.cpp">
      <Filter>Archivos de código fuente\Entities\Properties</Filter>
    </ClCompile>
    <ClCompile Include="FirstLevel.cpp">
      <Filter>Archivos de código fuente\Scenes</Filter>
    </ClCompile>
    <ClCompile Include="Camera.cpp">
      <Filter>Archivos de código fuente\Utilities</Filter>
    </ClCompile>
    <ClCompile Include="HorizontalSpriteScrollComponent.cpp">
      <Filter>Archivos de código fuente\Entities\Properties</Filter>
    </ClCompile>
    <ClCompile Include="VerticalSpriteScrollComponent.cpp">
      <Filter>Archivos de código fuente\Entities\Properties</Filter>
    </ClCompile>
    <ClCompile Include="Timer.cpp">
      <Filter>Archivos de código fuente\Utilities</Filter>
    </ClCompile>
    <ClCompile Include="AnimationComponent.cpp">
      <Filter>Archivos de código fuente\Entities\Properties</Filter>
    </ClCompile>
    <ClCompile Include="Joe.cpp">
      <Filter>Archivos de código fuente\Entities\Factories</Filter>
    </ClCompile>
    <ClCompile Include="ModuleTimer.cpp">
      <Filter>Archivos de código fuente\Core Modules</Filter>
    </ClCompile>
    <ClCompile Include="JumpComponent.cpp">
      <Filter>Archivos de código fuente\Entities\Properties</Filter>
    </ClCompile>
    <ClCompile Include="ModuleCollision.cpp">
      <Filter>Archivos de código fuente\Core Modules</Filter>
    </ClCompile>
    <ClCompile Include="Collider.cpp">
      <Filter>Archivos de código fuente\Colliders</Filter>
    </ClCompile>
    <ClCompile Include="CircleCollider.cpp">
      <Filter>Archivos de código fuente\Colliders</Filter>
    </ClCompile>
    <ClCompile Include="RectangleCollider.cpp">
      <Filter>Archivos de código fuente\Colliders</Filter>
    </ClCompile>
    <ClCompile Include="CollisionComponent.cpp">
      <Filter>Archivos de código fuente\Entities\Properties</Filter>
    </ClCompile>
    <ClCompile Include="Enemy.cpp">
      <Filter>Archivos de código fuente\Entities\Factories</Filter>
    </ClCompile>
    <ClCompile Include="IAComponent.cpp">
      <Filter>Archivos de código fuente\Entities\EnemyProperties</Filter>
    </ClCompile>
    <ClCompile Include="LifeComponent.cpp">
      <Filter>Archivos de código fuente\Entities\Properties</Filter>
    </ClCompile>
    <ClCompile Include="WallCollisionComponent.cpp">
      <Filter>Archivos de código fuente\Entities\Properties</Filter>
    </ClCompile>
    <ClCompile Include="EntryScene.cpp">
      <Filter>Archivos de código fuente\Scenes</Filter>
    </ClCompile>
    <ClCompile Include="EnemyBehaviour.cpp">
      <Filter>Archivos de código fuente\Entities\EnemyProperties</Filter>
    </ClCompile>
    <ClCompile Include="DisappearOutCamera.cpp">
      <Filter>Archivos de código fuente\Entities\EnemyProperties</Filter>
    </ClCompile>
    <ClCompile Include="PlayerHittedComponent.cpp">
      <Filter>Archivos de código fuente\Entities\PlayerProperties</Filter>
    </ClCompile>
    <ClCompile Include="EnemyHittedComponent.cpp">
      <Filter>Archivos de código fuente\Entities\EnemyProperties</Filter>
    </ClCompile>
    <ClCompile Include="PlayerWeapon.cpp">
      <Filter>Archivos de código fuente\Entities\Factories</Filter>
    </ClCompile>
    <ClCompile Include="SingleAnimationComponent.cpp">
      <Filter>Archivos de código fuente\Entities\Properties</Filter>
    </ClCompile>
    <ClCompile Include="DestroyOnCollisionComponent.cpp">
      <Filter>Archivos de código fuente\Entities\Properties</Filter>
    </ClCompile>
    <ClCompile Include="WeaponComponent.cpp">
      <Filter>Archivos de código fuente\Entities\PlayerProperties</Filter>
    </ClCompile>
    <ClCompile Include="LifespanComponent.cpp">
      <Filter>Archivos de código fuente\Entities\Properties</Filter>
    </ClCompile>
    <ClCompile Include="LineCollider.cpp">
      <Filter>Archivos de código fuente\Colliders</Filter>
    </ClCompile>
    <ClCompile Include="GravityComponent.cpp">
      <Filter>Archivos de código fuente\Entities\Properties</Filter>
    </ClCompile>
    <ClCompile Include="GravityWeaponComponent.cpp">
      <Filter>Archivos de código fuente\Entities\PlayerProperties</Filter>
    </ClCompile>
    <ClCompile Include="DamageComponent.cpp">
      <Filter>Archivos de código fuente\Entities\Properties</Filter>
    </ClCompile>
    <ClCompile Include="Trigger.cpp">
      <Filter>Archivos de código fuente\Entities\Factories</Filter>
    </ClCompile>
    <ClCompile Include="ModuleFonts.cpp">
      <Filter>Archivos de código fuente\Core Modules</Filter>
    </ClCompile>
    <ClCompile Include="GUIComponent.cpp">
      <Filter>Archivos de código fuente\GUI</Filter>
    </ClCompile>
    <ClCompile Include="GUIContainer.cpp">
      <Filter>Archivos de código fuente\GUI</Filter>
    </ClCompile>
    <ClCompile Include="GUILabel.cpp">
      <Filter>Archivos de código fuente\GUI</Filter>
    </ClCompile>
    <ClCompile Include="ModuleGUI.cpp">
      <Filter>Archivos de código fuente\Core Modules</Filter>
    </ClCompile>
    <ClCompile Include="GUITransform.cpp">
      <Filter>Archivos de código fuente\GUI</Filter>
    </ClCompile>
    <ClCompile Include="GUITexture.cpp">
      <Filter>Archivos de código fuente\GUI</Filter>
    </ClCompile>
    <ClCompile Include="GUIAnimation.cpp">
      <Filter>Archivos de código fuente\GUI</Filter>
    </ClCompile>
    <ClCompile Include="GUILifeBar.cpp">
      <Filter>Archivos de código fuente\GUI\GUIgame</Filter>
    </ClCompile>
    <ClCompile Include="GravityPlayerComponent.cpp">
      <Filter>Archivos de código fuente\Entities\PlayerProperties</Filter>
    </ClCompile>
    <ClCompile Include="ModuleParticles.cpp">
      <Filter>Archivos de código fuente\Core Modules</Filter>
    </ClCompile>
    <ClCompile Include="Particle.cpp">
      <Filter>Archivos de código fuente\Utilities</Filter>
    </ClCompile>
    <ClCompile Include="OnCollisionTrigger.cpp">
      <Filter>Archivos de código fuente\Entities\EnemyProperties</Filter>
    </ClCompile>
    <ClCompile Include="OnCollisionWeaponComponent.cpp">
      <Filter>Archivos de código fuente\Entities\PlayerProperties</Filter>
    </ClCompile>
    <ClCompile Include="GUISprite.cpp">
      <Filter>Archivos de código fuente\GUI</Filter>
    </ClCompile>
    <ClCompile Include="Items.cpp">
      <Filter>Archivos de código fuente\Entities\Factories</Filter>
    </ClCompile>
    <ClCompile Include="DataItemComponent.cpp">
      <Filter>Archivos de código fuente\Entities\ItemProperties</Filter>
    </ClCompile>
    <ClCompile Include="DropItemComponent.cpp">
      <Filter>Archivos de código fuente\Entities\ItemProperties</Filter>
    </ClCompile>
    <ClCompile Include="PickupItemComponent.cpp">
      <Filter>Archivos de código fuente\Entities\PlayerProperties</Filter>
    </ClCompile>
  </ItemGroup>
  <ItemGroup>
    <ClInclude Include="Module.h">
      <Filter>Archivos de código fuente\Core Modules</Filter>
    </ClInclude>
    <ClInclude Include="Application.h">
      <Filter>Archivos de código fuente\Main</Filter>
    </ClInclude>
    <ClInclude Include="ModuleWindow.h">
      <Filter>Archivos de código fuente\Core Modules</Filter>
    </ClInclude>
    <ClInclude Include="ModuleInput.h">
      <Filter>Archivos de código fuente\Core Modules</Filter>
    </ClInclude>
    <ClInclude Include="ModuleRender.h">
      <Filter>Archivos de código fuente\Core Modules</Filter>
    </ClInclude>
    <ClInclude Include="ModuleScene.h">
      <Filter>Archivos de código fuente\Core Modules</Filter>
    </ClInclude>
    <ClInclude Include="ModuleAudio.h">
      <Filter>Archivos de código fuente\Core Modules</Filter>
    </ClInclude>
    <ClInclude Include="Globals.h">
      <Filter>Archivos de código fuente\Main</Filter>
    </ClInclude>
    <ClInclude Include="ModuleTextures.h">
      <Filter>Archivos de código fuente\Core Modules</Filter>
    </ClInclude>
    <ClInclude Include="Point.h">
      <Filter>Archivos de código fuente\Utilities</Filter>
    </ClInclude>
    <ClInclude Include="Animation.h">
      <Filter>Archivos de código fuente\Utilities</Filter>
    </ClInclude>
    <ClInclude Include="ModulePlayer.h">
      <Filter>Archivos de código fuente\Game Modules</Filter>
    </ClInclude>
    <ClInclude Include="ModuleFadeToBlack.h">
      <Filter>Archivos de código fuente\Core Modules</Filter>
    </ClInclude>
    <ClInclude Include="Entity.h">
      <Filter>Archivos de código fuente\Entities</Filter>
    </ClInclude>
    <ClInclude Include="Scene.h">
      <Filter>Archivos de código fuente\Scenes</Filter>
    </ClInclude>
    <ClInclude Include="Transform.h">
      <Filter>Archivos de código fuente\Utilities</Filter>
    </ClInclude>
    <ClInclude Include="SceneNode.h">
      <Filter>Archivos de código fuente\Scenes</Filter>
    </ClInclude>
    <ClInclude Include="IComponent.h">
      <Filter>Archivos de código fuente\Entities</Filter>
    </ClInclude>
    <ClInclude Include="SpriteComponent.h">
      <Filter>Archivos de código fuente\Entities\Properties</Filter>
    </ClInclude>
    <ClInclude Include="MotionComponent.h">
      <Filter>Archivos de código fuente\Entities\Properties</Filter>
    </ClInclude>
    <ClInclude Include="FirstLevel.h">
      <Filter>Archivos de código fuente\Scenes</Filter>
    </ClInclude>
    <ClInclude Include="Camera.h">
      <Filter>Archivos de código fuente\Utilities</Filter>
    </ClInclude>
    <ClInclude Include="HorizontalSpriteScrollComponent.h">
      <Filter>Archivos de código fuente\Entities\Properties</Filter>
    </ClInclude>
    <ClInclude Include="VerticalSpriteScrollComponent.h">
      <Filter>Archivos de código fuente\Entities\Properties</Filter>
    </ClInclude>
    <ClInclude Include="StateTransition.h">
      <Filter>Archivos de código fuente\StateMachine</Filter>
    </ClInclude>
    <ClInclude Include="StateMachine.h">
      <Filter>Archivos de código fuente\StateMachine</Filter>
    </ClInclude>
    <ClInclude Include="Timer.h">
      <Filter>Archivos de código fuente\Utilities</Filter>
    </ClInclude>
    <ClInclude Include="State.h">
      <Filter>Archivos de código fuente\StateMachine</Filter>
    </ClInclude>
    <ClInclude Include="Condition.h">
      <Filter>Archivos de código fuente\Conditions</Filter>
    </ClInclude>
    <ClInclude Include="ConditionCallback.h">
      <Filter>Archivos de código fuente\Conditions</Filter>
    </ClInclude>
    <ClInclude Include="AnimationComponent.h">
      <Filter>Archivos de código fuente\Entities\Properties</Filter>
    </ClInclude>
    <ClInclude Include="Joe.h">
      <Filter>Archivos de código fuente\Entities\Factories</Filter>
    </ClInclude>
    <ClInclude Include="ConditionComparison.h">
      <Filter>Archivos de código fuente\Conditions</Filter>
    </ClInclude>
    <ClInclude Include="ModuleTimer.h">
      <Filter>Archivos de código fuente\Core Modules</Filter>
    </ClInclude>
    <ClInclude Include="JumpComponent.h">
      <Filter>Archivos de código fuente\Entities\Properties</Filter>
    </ClInclude>
    <ClInclude Include="TimerCondition.h">
      <Filter>Archivos de código fuente\Conditions</Filter>
    </ClInclude>
    <ClInclude Include="ModuleCollision.h">
      <Filter>Archivos de código fuente\Core Modules</Filter>
    </ClInclude>
    <ClInclude Include="Collider.h">
      <Filter>Archivos de código fuente\Colliders</Filter>
    </ClInclude>
    <ClInclude Include="CircleCollider.h">
      <Filter>Archivos de código fuente\Colliders</Filter>
    </ClInclude>
    <ClInclude Include="RectangleCollider.h">
      <Filter>Archivos de código fuente\Colliders</Filter>
    </ClInclude>
    <ClInclude Include="CollisionComponent.h">
      <Filter>Archivos de código fuente\Entities\Properties</Filter>
    </ClInclude>
    <ClInclude Include="CollisionListener.h">
      <Filter>Archivos de código fuente\Colliders</Filter>
    </ClInclude>
    <ClInclude Include="IUpdater.h">
      <Filter>Archivos de código fuente\Utilities</Filter>
    </ClInclude>
    <ClInclude Include="Enemy.h">
      <Filter>Archivos de código fuente\Entities\Factories</Filter>
    </ClInclude>
    <ClInclude Include="Utils.h">
      <Filter>Archivos de código fuente\Utilities</Filter>
    </ClInclude>
    <ClInclude Include="IAComponent.h">
      <Filter>Archivos de código fuente\Entities\EnemyProperties</Filter>
    </ClInclude>
    <ClInclude Include="LifeComponent.h">
      <Filter>Archivos de código fuente\Entities\Properties</Filter>
    </ClInclude>
    <ClInclude Include="WallCollisionComponent.h">
      <Filter>Archivos de código fuente\Entities\Properties</Filter>
    </ClInclude>
    <ClInclude Include="EntryScene.h">
      <Filter>Archivos de código fuente\Scenes</Filter>
    </ClInclude>
    <ClInclude Include="EnemyBehaviour.h">
      <Filter>Archivos de código fuente\Entities\EnemyProperties</Filter>
    </ClInclude>
    <ClInclude Include="DisappearOutCamera.h">
      <Filter>Archivos de código fuente\Entities\EnemyProperties</Filter>
    </ClInclude>
    <ClInclude Include="PlayerHittedComponent.h">
      <Filter>Archivos de código fuente\Entities\PlayerProperties</Filter>
    </ClInclude>
    <ClInclude Include="ColliderInteraction.h">
      <Filter>Archivos de código fuente\Colliders</Filter>
    </ClInclude>
    <ClInclude Include="EnemyHittedComponent.h">
      <Filter>Archivos de código fuente\Entities\EnemyProperties</Filter>
    </ClInclude>
    <ClInclude Include="PlayerWeapon.h">
      <Filter>Archivos de código fuente\Entities\Factories</Filter>
    </ClInclude>
    <ClInclude Include="SingleAnimationComponent.h">
      <Filter>Archivos de código fuente\Entities\Properties</Filter>
    </ClInclude>
    <ClInclude Include="DestroyOnCollisionComponent.h">
      <Filter>Archivos de código fuente\Entities\Properties</Filter>
    </ClInclude>
    <ClInclude Include="WeaponComponent.h">
      <Filter>Archivos de código fuente\Entities\PlayerProperties</Filter>
    </ClInclude>
    <ClInclude Include="LifespanComponent.h">
      <Filter>Archivos de código fuente\Entities\Properties</Filter>
    </ClInclude>
    <ClInclude Include="LineCollider.h">
      <Filter>Archivos de código fuente\Colliders</Filter>
    </ClInclude>
    <ClInclude Include="GravityComponent.h">
      <Filter>Archivos de código fuente\Entities\Properties</Filter>
    </ClInclude>
    <ClInclude Include="GravityWeaponComponent.h">
      <Filter>Archivos de código fuente\Entities\PlayerProperties</Filter>
    </ClInclude>
    <ClInclude Include="DamageComponent.h">
      <Filter>Archivos de código fuente\Entities\Properties</Filter>
    </ClInclude>
    <ClInclude Include="Trigger.h">
      <Filter>Archivos de código fuente\Entities\Factories</Filter>
    </ClInclude>
    <ClInclude Include="ModuleFonts.h">
      <Filter>Archivos de código fuente\Core Modules</Filter>
    </ClInclude>
    <ClInclude Include="GUIComponent.h">
      <Filter>Archivos de código fuente\GUI</Filter>
    </ClInclude>
    <ClInclude Include="GUIContainer.h">
      <Filter>Archivos de código fuente\GUI</Filter>
    </ClInclude>
    <ClInclude Include="GUILabel.h">
      <Filter>Archivos de código fuente\GUI</Filter>
    </ClInclude>
    <ClInclude Include="ModuleGUI.h">
      <Filter>Archivos de código fuente\Core Modules</Filter>
    </ClInclude>
    <ClInclude Include="GUITransform.h">
      <Filter>Archivos de código fuente\GUI</Filter>
    </ClInclude>
    <ClInclude Include="GUITexture.h">
      <Filter>Archivos de código fuente\GUI</Filter>
    </ClInclude>
    <ClInclude Include="GUIAnimation.h">
      <Filter>Archivos de código fuente\GUI</Filter>
    </ClInclude>
    <ClInclude Include="GUILifeBar.h">
      <Filter>Archivos de código fuente\GUI\GUIgame</Filter>
    </ClInclude>
    <ClInclude Include="GravityPlayerComponent.h">
      <Filter>Archivos de código fuente\Entities\PlayerProperties</Filter>
    </ClInclude>
    <ClInclude Include="ModuleParticles.h">
      <Filter>Archivos de código fuente\Core Modules</Filter>
    </ClInclude>
    <ClInclude Include="Particle.h">
      <Filter>Archivos de código fuente\Utilities</Filter>
    </ClInclude>
    <ClInclude Include="OnCollisionTrigger.h">
      <Filter>Archivos de código fuente\Entities\EnemyProperties</Filter>
    </ClInclude>
    <ClInclude Include="OnCollisionWeaponComponent.h">
      <Filter>Archivos de código fuente\Entities\PlayerProperties</Filter>
    </ClInclude>
    <ClInclude Include="GUISprite.h">
      <Filter>Archivos de código fuente\GUI</Filter>
    </ClInclude>
    <ClInclude Include="Items.h">
      <Filter>Archivos de código fuente\Entities\Factories</Filter>
    </ClInclude>
    <ClInclude Include="DataItemComponent.h">
      <Filter>Archivos de código fuente\Entities\ItemProperties</Filter>
    </ClInclude>
    <ClInclude Include="DropItemComponent.h">
      <Filter>Archivos de código fuente\Entities\ItemProperties</Filter>
    </ClInclude>
    <ClInclude Include="PickupItemComponent.h">
      <Filter>Archivos de código fuente\Entities\PlayerProperties</Filter>
    </ClInclude>
  </ItemGroup>
</Project>